
Microsoft Visual Studio Solution File, Format Version 12.00
# Visual Studio Version 16
VisualStudioVersion = 16.0.29123.89
MinimumVisualStudioVersion = 10.0.40219.1
Project("{9A19103F-16F7-4668-BE54-9A1E7A4F7556}") = "Microsoft.Identity.Web", "Microsoft.Identity.Web\Microsoft.Identity.Web.csproj", "{4DE825F1-B0BA-4EDB-AE9E-D67C4762AAEA}"
EndProject
Project("{9A19103F-16F7-4668-BE54-9A1E7A4F7556}") = "AADLoginSamplePersonalAndAllOrg", "AADLoginSamplePersonalAndAllOrg\AADLoginSamplePersonalAndAllOrg.csproj", "{FB94E630-DA48-40C2-8799-0657C4448E26}"
EndProject
Global
	GlobalSection(SolutionConfigurationPlatforms) = preSolution
		Debug|Any CPU = Debug|Any CPU
		Release|Any CPU = Release|Any CPU
	EndGlobalSection
	GlobalSection(ProjectConfigurationPlatforms) = postSolution
		{4DE825F1-B0BA-4EDB-AE9E-D67C4762AAEA}.Debug|Any CPU.ActiveCfg = Debug|Any CPU
		{4DE825F1-B0BA-4EDB-AE9E-D67C4762AAEA}.Debug|Any CPU.Build.0 = Debug|Any CPU
		{4DE825F1-B0BA-4EDB-AE9E-D67C4762AAEA}.Release|Any CPU.ActiveCfg = Release|Any CPU
		{4DE825F1-B0BA-4EDB-AE9E-D67C4762AAEA}.Release|Any CPU.Build.0 = Release|Any CPU
		{FB94E630-DA48-40C2-8799-0657C4448E26}.Debug|Any CPU.ActiveCfg = Debug|Any CPU
		{FB94E630-DA48-40C2-8799-0657C4448E26}.Debug|Any CPU.Build.0 = Debug|Any CPU
		{FB94E630-DA48-40C2-8799-0657C4448E26}.Release|Any CPU.ActiveCfg = Release|Any CPU
		{FB94E630-DA48-40C2-8799-0657C4448E26}.Release|Any CPU.Build.0 = Release|Any CPU
	EndGlobalSection
	GlobalSection(SolutionProperties) = preSolution
		HideSolutionNode = FALSE
	EndGlobalSection
	GlobalSection(ExtensibilityGlobals) = postSolution
		SolutionGuid = {6AD4F352-3B57-4F34-A1BE-71570EA301D5}
	EndGlobalSection
EndGlobal
